
Microsoft Visual Studio Solution File, Format Version 12.00
# Visual Studio 2012
Project("{2150E333-8FDC-42A3-9474-1A3956D46DE8}") = "src", "src", "{637D4911-DB5C-454A-8DE3-7E16CB16CC3C}"
EndProject
Project("{F2A71F9B-5D33-465A-A702-920D77279786}") = "Fabulosa", "src\Fabulosa\Fabulosa.fsproj", "{847D14CB-3D00-440E-AF15-F493FAA6A5CB}"
EndProject
Project("{2150E333-8FDC-42A3-9474-1A3956D46DE8}") = "tests", "tests", "{5F352C4E-7108-4B32-BC8D-366ABC0EEEEA}"
EndProject
Project("{F2A71F9B-5D33-465A-A702-920D77279786}") = "Fabulosa.Tests", "tests\Fabulosa.Tests\Fabulosa.Tests.fsproj", "{21A1A9C5-DA33-4D49-9D2B-01E1FC4CC514}"
EndProject
Project("{2150E333-8FDC-42A3-9474-1A3956D46DE8}") = "docs", "docs", "{80C7EF95-688F-43C6-A424-9E156B42D39E}"
EndProject
Project("{F2A71F9B-5D33-465A-A702-920D77279786}") = "Fabulosa.Docs", "docs\Fabulosa.Docs\Fabulosa.Docs.fsproj", "{D0FD4083-11AC-463A-8A86-765099F58F9E}"
EndProject
Project("{2150E333-8FDC-42A3-9474-1A3956D46DE8}") = "Fabulosa.Docs", "Fabulosa.Docs", "{0B698ED2-C007-468F-8595-8D7F37347369}"
EndProject
Project("{F2A71F9B-5D33-465A-A702-920D77279786}") = "DotnetCLI", "docs\Fabulosa.Docs\tools\DotnetCLI.fsproj", "{263D1AF7-A9FE-4873-BC16-04AD9FB8CE55}"
EndProject
Global
	GlobalSection(SolutionConfigurationPlatforms) = preSolution
		Debug|Any CPU = Debug|Any CPU
		Release|Any CPU = Release|Any CPU
		Debug|x64 = Debug|x64
		Debug|x86 = Debug|x86
		Release|x64 = Release|x64
		Release|x86 = Release|x86
	EndGlobalSection
	GlobalSection(ProjectConfigurationPlatforms) = postSolution
		{E5DEFC96-37CF-4844-9C9E-CFA0A9A8AED3}.Debug|Any CPU.ActiveCfg = Debug|Any CPU
		{E5DEFC96-37CF-4844-9C9E-CFA0A9A8AED3}.Debug|Any CPU.Build.0 = Debug|Any CPU
		{E5DEFC96-37CF-4844-9C9E-CFA0A9A8AED3}.Release|Any CPU.ActiveCfg = Release|Any CPU
		{E5DEFC96-37CF-4844-9C9E-CFA0A9A8AED3}.Release|Any CPU.Build.0 = Release|Any CPU
		{6C49508A-0A69-4825-8DF2-17452E60DBF6}.Debug|Any CPU.ActiveCfg = Debug|Any CPU
		{6C49508A-0A69-4825-8DF2-17452E60DBF6}.Debug|Any CPU.Build.0 = Debug|Any CPU
		{6C49508A-0A69-4825-8DF2-17452E60DBF6}.Debug|x64.ActiveCfg = Debug|x64
		{6C49508A-0A69-4825-8DF2-17452E60DBF6}.Debug|x64.Build.0 = Debug|x64
		{6C49508A-0A69-4825-8DF2-17452E60DBF6}.Debug|x86.ActiveCfg = Debug|x86
		{6C49508A-0A69-4825-8DF2-17452E60DBF6}.Debug|x86.Build.0 = Debug|x86
		{6C49508A-0A69-4825-8DF2-17452E60DBF6}.Release|Any CPU.ActiveCfg = Release|Any CPU
		{6C49508A-0A69-4825-8DF2-17452E60DBF6}.Release|Any CPU.Build.0 = Release|Any CPU
		{6C49508A-0A69-4825-8DF2-17452E60DBF6}.Release|x64.ActiveCfg = Release|x64
		{6C49508A-0A69-4825-8DF2-17452E60DBF6}.Release|x64.Build.0 = Release|x64
		{6C49508A-0A69-4825-8DF2-17452E60DBF6}.Release|x86.ActiveCfg = Release|x86
		{6C49508A-0A69-4825-8DF2-17452E60DBF6}.Release|x86.Build.0 = Release|x86
		{21A1A9C5-DA33-4D49-9D2B-01E1FC4CC514}.Debug|Any CPU.ActiveCfg = Debug|Any CPU
		{21A1A9C5-DA33-4D49-9D2B-01E1FC4CC514}.Debug|Any CPU.Build.0 = Debug|Any CPU
		{21A1A9C5-DA33-4D49-9D2B-01E1FC4CC514}.Release|Any CPU.ActiveCfg = Release|Any CPU
		{21A1A9C5-DA33-4D49-9D2B-01E1FC4CC514}.Release|Any CPU.Build.0 = Release|Any CPU
		{21A1A9C5-DA33-4D49-9D2B-01E1FC4CC514}.Debug|x64.ActiveCfg = Debug|Any CPU
		{21A1A9C5-DA33-4D49-9D2B-01E1FC4CC514}.Debug|x64.Build.0 = Debug|Any CPU
		{21A1A9C5-DA33-4D49-9D2B-01E1FC4CC514}.Debug|x86.ActiveCfg = Debug|Any CPU
		{21A1A9C5-DA33-4D49-9D2B-01E1FC4CC514}.Debug|x86.Build.0 = Debug|Any CPU
		{21A1A9C5-DA33-4D49-9D2B-01E1FC4CC514}.Release|x64.ActiveCfg = Release|Any CPU
		{21A1A9C5-DA33-4D49-9D2B-01E1FC4CC514}.Release|x64.Build.0 = Release|Any CPU
		{21A1A9C5-DA33-4D49-9D2B-01E1FC4CC514}.Release|x86.ActiveCfg = Release|Any CPU
		{21A1A9C5-DA33-4D49-9D2B-01E1FC4CC514}.Release|x86.Build.0 = Release|Any CPU
		{D0FD4083-11AC-463A-8A86-765099F58F9E}.Debug|Any CPU.ActiveCfg = Debug|Any CPU
		{D0FD4083-11AC-463A-8A86-765099F58F9E}.Debug|Any CPU.Build.0 = Debug|Any CPU
		{D0FD4083-11AC-463A-8A86-765099F58F9E}.Release|Any CPU.ActiveCfg = Release|Any CPU
		{D0FD4083-11AC-463A-8A86-765099F58F9E}.Release|Any CPU.Build.0 = Release|Any CPU
		{D0FD4083-11AC-463A-8A86-765099F58F9E}.Debug|x64.ActiveCfg = Debug|Any CPU
		{D0FD4083-11AC-463A-8A86-765099F58F9E}.Debug|x64.Build.0 = Debug|Any CPU
		{D0FD4083-11AC-463A-8A86-765099F58F9E}.Debug|x86.ActiveCfg = Debug|Any CPU
		{D0FD4083-11AC-463A-8A86-765099F58F9E}.Debug|x86.Build.0 = Debug|Any CPU
		{D0FD4083-11AC-463A-8A86-765099F58F9E}.Release|x64.ActiveCfg = Release|Any CPU
		{D0FD4083-11AC-463A-8A86-765099F58F9E}.Release|x64.Build.0 = Release|Any CPU
		{D0FD4083-11AC-463A-8A86-765099F58F9E}.Release|x86.ActiveCfg = Release|Any CPU
		{D0FD4083-11AC-463A-8A86-765099F58F9E}.Release|x86.Build.0 = Release|Any CPU
		{847D14CB-3D00-440E-AF15-F493FAA6A5CB}.Debug|Any CPU.ActiveCfg = Debug|Any CPU
		{847D14CB-3D00-440E-AF15-F493FAA6A5CB}.Debug|Any CPU.Build.0 = Debug|Any CPU
		{847D14CB-3D00-440E-AF15-F493FAA6A5CB}.Release|Any CPU.ActiveCfg = Release|Any CPU
		{847D14CB-3D00-440E-AF15-F493FAA6A5CB}.Release|Any CPU.Build.0 = Release|Any CPU
		{847D14CB-3D00-440E-AF15-F493FAA6A5CB}.Debug|x64.ActiveCfg = Debug|Any CPU
		{847D14CB-3D00-440E-AF15-F493FAA6A5CB}.Debug|x64.Build.0 = Debug|Any CPU
		{847D14CB-3D00-440E-AF15-F493FAA6A5CB}.Debug|x86.ActiveCfg = Debug|Any CPU
		{847D14CB-3D00-440E-AF15-F493FAA6A5CB}.Debug|x86.Build.0 = Debug|Any CPU
		{847D14CB-3D00-440E-AF15-F493FAA6A5CB}.Release|x64.ActiveCfg = Release|Any CPU
		{847D14CB-3D00-440E-AF15-F493FAA6A5CB}.Release|x64.Build.0 = Release|Any CPU
		{847D14CB-3D00-440E-AF15-F493FAA6A5CB}.Release|x86.ActiveCfg = Release|Any CPU
		{847D14CB-3D00-440E-AF15-F493FAA6A5CB}.Release|x86.Build.0 = Release|Any CPU
		{263D1AF7-A9FE-4873-BC16-04AD9FB8CE55}.Debug|Any CPU.ActiveCfg = Debug|Any CPU
		{263D1AF7-A9FE-4873-BC16-04AD9FB8CE55}.Debug|Any CPU.Build.0 = Debug|Any CPU
		{263D1AF7-A9FE-4873-BC16-04AD9FB8CE55}.Release|Any CPU.ActiveCfg = Release|Any CPU
		{263D1AF7-A9FE-4873-BC16-04AD9FB8CE55}.Release|Any CPU.Build.0 = Release|Any CPU
		{263D1AF7-A9FE-4873-BC16-04AD9FB8CE55}.Debug|x64.ActiveCfg = Debug|Any CPU
		{263D1AF7-A9FE-4873-BC16-04AD9FB8CE55}.Debug|x64.Build.0 = Debug|Any CPU
		{263D1AF7-A9FE-4873-BC16-04AD9FB8CE55}.Debug|x86.ActiveCfg = Debug|Any CPU
		{263D1AF7-A9FE-4873-BC16-04AD9FB8CE55}.Debug|x86.Build.0 = Debug|Any CPU
		{263D1AF7-A9FE-4873-BC16-04AD9FB8CE55}.Release|x64.ActiveCfg = Release|Any CPU
		{263D1AF7-A9FE-4873-BC16-04AD9FB8CE55}.Release|x64.Build.0 = Release|Any CPU
		{263D1AF7-A9FE-4873-BC16-04AD9FB8CE55}.Release|x86.ActiveCfg = Release|Any CPU
		{263D1AF7-A9FE-4873-BC16-04AD9FB8CE55}.Release|x86.Build.0 = Release|Any CPU
	EndGlobalSection
	GlobalSection(NestedProjects) = preSolution
		{21A1A9C5-DA33-4D49-9D2B-01E1FC4CC514} = {5F352C4E-7108-4B32-BC8D-366ABC0EEEEA}
		{D0FD4083-11AC-463A-8A86-765099F58F9E} = {80C7EF95-688F-43C6-A424-9E156B42D39E}
		{847D14CB-3D00-440E-AF15-F493FAA6A5CB} = {637D4911-DB5C-454A-8DE3-7E16CB16CC3C}
		{0B698ED2-C007-468F-8595-8D7F37347369} = {80C7EF95-688F-43C6-A424-9E156B42D39E}
		{263D1AF7-A9FE-4873-BC16-04AD9FB8CE55} = {0B698ED2-C007-468F-8595-8D7F37347369}
	EndGlobalSection
EndGlobal
