
Microsoft Visual Studio Solution File, Format Version 12.00
# Visual Studio 15
VisualStudioVersion = 15.0.26124.0
MinimumVisualStudioVersion = 15.0.26124.0
Project("{f2a71f9b-5d33-465a-a702-920d77279786}") = "DotnetCLI", "tools\DotnetCLI.fsproj", "{B91D03C1-3A0F-43B0-8411-927C682BCC84}"
EndProject
Project("{2150E333-8FDC-42A3-9474-1A3956D46DE8}") = "src", "src", "{AF680163-A688-4792-A199-20791095446B}"
EndProject
Project("{f2a71f9b-5d33-465a-a702-920d77279786}") = "Fabulosa", "src\Fabulosa\Fabulosa.fsproj", "{3D1882F9-6E6A-4F79-80DD-84613D5544F7}"
EndProject
Project("{2150E333-8FDC-42A3-9474-1A3956D46DE8}") = "tests", "tests", "{AF4D50DD-CEDD-4FBF-81B7-36B44CC7336D}"
EndProject
Project("{f2a71f9b-5d33-465a-a702-920d77279786}") = "Fabulosa.Tests", "tests\Fabulosa.Tests\Fabulosa.Tests.fsproj", "{79A96F5C-9FE8-4EC3-8948-31D58F415BC2}"
EndProject
Project("{2150E333-8FDC-42A3-9474-1A3956D46DE8}") = "docs", "docs", "{9833F434-25F5-4BDB-803F-806632F5D995}"
EndProject
Project("{f2a71f9b-5d33-465a-a702-920d77279786}") = "Fabulosa.Docs", "docs\Fabulosa.Docs\Fabulosa.Docs.fsproj", "{4E3C616C-9B12-46CE-B71B-B8B76863BE51}"
EndProject
Global
	GlobalSection(SolutionConfigurationPlatforms) = preSolution
		Debug|Any CPU = Debug|Any CPU
		Debug|x64 = Debug|x64
		Debug|x86 = Debug|x86
		Release|Any CPU = Release|Any CPU
		Release|x64 = Release|x64
		Release|x86 = Release|x86
	EndGlobalSection
	GlobalSection(SolutionProperties) = preSolution
		HideSolutionNode = FALSE
	EndGlobalSection
	GlobalSection(ProjectConfigurationPlatforms) = postSolution
		{B91D03C1-3A0F-43B0-8411-927C682BCC84}.Debug|Any CPU.ActiveCfg = Debug|Any CPU
		{B91D03C1-3A0F-43B0-8411-927C682BCC84}.Debug|Any CPU.Build.0 = Debug|Any CPU
		{B91D03C1-3A0F-43B0-8411-927C682BCC84}.Debug|x64.ActiveCfg = Debug|Any CPU
		{B91D03C1-3A0F-43B0-8411-927C682BCC84}.Debug|x64.Build.0 = Debug|Any CPU
		{B91D03C1-3A0F-43B0-8411-927C682BCC84}.Debug|x86.ActiveCfg = Debug|Any CPU
		{B91D03C1-3A0F-43B0-8411-927C682BCC84}.Debug|x86.Build.0 = Debug|Any CPU
		{B91D03C1-3A0F-43B0-8411-927C682BCC84}.Release|Any CPU.ActiveCfg = Release|Any CPU
		{B91D03C1-3A0F-43B0-8411-927C682BCC84}.Release|Any CPU.Build.0 = Release|Any CPU
		{B91D03C1-3A0F-43B0-8411-927C682BCC84}.Release|x64.ActiveCfg = Release|Any CPU
		{B91D03C1-3A0F-43B0-8411-927C682BCC84}.Release|x64.Build.0 = Release|Any CPU
		{B91D03C1-3A0F-43B0-8411-927C682BCC84}.Release|x86.ActiveCfg = Release|Any CPU
		{B91D03C1-3A0F-43B0-8411-927C682BCC84}.Release|x86.Build.0 = Release|Any CPU
		{3D1882F9-6E6A-4F79-80DD-84613D5544F7}.Debug|Any CPU.ActiveCfg = Debug|Any CPU
		{3D1882F9-6E6A-4F79-80DD-84613D5544F7}.Debug|Any CPU.Build.0 = Debug|Any CPU
		{3D1882F9-6E6A-4F79-80DD-84613D5544F7}.Debug|x64.ActiveCfg = Debug|Any CPU
		{3D1882F9-6E6A-4F79-80DD-84613D5544F7}.Debug|x64.Build.0 = Debug|Any CPU
		{3D1882F9-6E6A-4F79-80DD-84613D5544F7}.Debug|x86.ActiveCfg = Debug|Any CPU
		{3D1882F9-6E6A-4F79-80DD-84613D5544F7}.Debug|x86.Build.0 = Debug|Any CPU
		{3D1882F9-6E6A-4F79-80DD-84613D5544F7}.Release|Any CPU.ActiveCfg = Release|Any CPU
		{3D1882F9-6E6A-4F79-80DD-84613D5544F7}.Release|Any CPU.Build.0 = Release|Any CPU
		{3D1882F9-6E6A-4F79-80DD-84613D5544F7}.Release|x64.ActiveCfg = Release|Any CPU
		{3D1882F9-6E6A-4F79-80DD-84613D5544F7}.Release|x64.Build.0 = Release|Any CPU
		{3D1882F9-6E6A-4F79-80DD-84613D5544F7}.Release|x86.ActiveCfg = Release|Any CPU
		{3D1882F9-6E6A-4F79-80DD-84613D5544F7}.Release|x86.Build.0 = Release|Any CPU
		{79A96F5C-9FE8-4EC3-8948-31D58F415BC2}.Debug|Any CPU.ActiveCfg = Debug|Any CPU
		{79A96F5C-9FE8-4EC3-8948-31D58F415BC2}.Debug|Any CPU.Build.0 = Debug|Any CPU
		{79A96F5C-9FE8-4EC3-8948-31D58F415BC2}.Debug|x64.ActiveCfg = Debug|Any CPU
		{79A96F5C-9FE8-4EC3-8948-31D58F415BC2}.Debug|x64.Build.0 = Debug|Any CPU
		{79A96F5C-9FE8-4EC3-8948-31D58F415BC2}.Debug|x86.ActiveCfg = Debug|Any CPU
		{79A96F5C-9FE8-4EC3-8948-31D58F415BC2}.Debug|x86.Build.0 = Debug|Any CPU
		{79A96F5C-9FE8-4EC3-8948-31D58F415BC2}.Release|Any CPU.ActiveCfg = Release|Any CPU
		{79A96F5C-9FE8-4EC3-8948-31D58F415BC2}.Release|Any CPU.Build.0 = Release|Any CPU
		{79A96F5C-9FE8-4EC3-8948-31D58F415BC2}.Release|x64.ActiveCfg = Release|Any CPU
		{79A96F5C-9FE8-4EC3-8948-31D58F415BC2}.Release|x64.Build.0 = Release|Any CPU
		{79A96F5C-9FE8-4EC3-8948-31D58F415BC2}.Release|x86.ActiveCfg = Release|Any CPU
		{79A96F5C-9FE8-4EC3-8948-31D58F415BC2}.Release|x86.Build.0 = Release|Any CPU
		{4E3C616C-9B12-46CE-B71B-B8B76863BE51}.Debug|Any CPU.ActiveCfg = Debug|Any CPU
		{4E3C616C-9B12-46CE-B71B-B8B76863BE51}.Debug|Any CPU.Build.0 = Debug|Any CPU
		{4E3C616C-9B12-46CE-B71B-B8B76863BE51}.Debug|x64.ActiveCfg = Debug|Any CPU
		{4E3C616C-9B12-46CE-B71B-B8B76863BE51}.Debug|x64.Build.0 = Debug|Any CPU
		{4E3C616C-9B12-46CE-B71B-B8B76863BE51}.Debug|x86.ActiveCfg = Debug|Any CPU
		{4E3C616C-9B12-46CE-B71B-B8B76863BE51}.Debug|x86.Build.0 = Debug|Any CPU
		{4E3C616C-9B12-46CE-B71B-B8B76863BE51}.Release|Any CPU.ActiveCfg = Release|Any CPU
		{4E3C616C-9B12-46CE-B71B-B8B76863BE51}.Release|Any CPU.Build.0 = Release|Any CPU
		{4E3C616C-9B12-46CE-B71B-B8B76863BE51}.Release|x64.ActiveCfg = Release|Any CPU
		{4E3C616C-9B12-46CE-B71B-B8B76863BE51}.Release|x64.Build.0 = Release|Any CPU
		{4E3C616C-9B12-46CE-B71B-B8B76863BE51}.Release|x86.ActiveCfg = Release|Any CPU
		{4E3C616C-9B12-46CE-B71B-B8B76863BE51}.Release|x86.Build.0 = Release|Any CPU
	EndGlobalSection
	GlobalSection(NestedProjects) = preSolution
		{3D1882F9-6E6A-4F79-80DD-84613D5544F7} = {AF680163-A688-4792-A199-20791095446B}
		{79A96F5C-9FE8-4EC3-8948-31D58F415BC2} = {AF4D50DD-CEDD-4FBF-81B7-36B44CC7336D}
		{4E3C616C-9B12-46CE-B71B-B8B76863BE51} = {9833F434-25F5-4BDB-803F-806632F5D995}
	EndGlobalSection
	GlobalSection(MonoDevelopProperties) = preSolution
		Policies = $0
		$0.DotNetNamingPolicy = $1
		$1.DirectoryNamespaceAssociation = PrefixedHierarchical
		$0.StandardHeader = $2
		$0.VersionControlPolicy = $3
	EndGlobalSection
EndGlobal
